
Microsoft Visual Studio Solution File, Format Version 12.00
# Visual Studio Version 16
VisualStudioVersion = 16.0.28803.202
MinimumVisualStudioVersion = 10.0.40219.1
Project("{FAE04EC0-301F-11D3-BF4B-00C04F79EFBC}") = "ttt", "ttt\ttt.csproj", "{96051F5C-D4B0-4C08-9D29-51E04C34574B}"
EndProject
Project("{54435603-DBB4-11D2-8724-00A0C9A8B90C}") = "HIS", "HIS\HIS.vdproj", "{9FD33FD4-4693-4238-8EC1-05D6E0DB2943}"
EndProject
Global
	GlobalSection(SolutionConfigurationPlatforms) = preSolution
		Debug|Any CPU = Debug|Any CPU
		Release|Any CPU = Release|Any CPU
	EndGlobalSection
	GlobalSection(ProjectConfigurationPlatforms) = postSolution
		{96051F5C-D4B0-4C08-9D29-51E04C34574B}.Debug|Any CPU.ActiveCfg = Debug|Any CPU
		{96051F5C-D4B0-4C08-9D29-51E04C34574B}.Debug|Any CPU.Build.0 = Debug|Any CPU
		{96051F5C-D4B0-4C08-9D29-51E04C34574B}.Release|Any CPU.ActiveCfg = Release|Any CPU
		{96051F5C-D4B0-4C08-9D29-51E04C34574B}.Release|Any CPU.Build.0 = Release|Any CPU
		{9FD33FD4-4693-4238-8EC1-05D6E0DB2943}.Debug|Any CPU.ActiveCfg = Debug
		{9FD33FD4-4693-4238-8EC1-05D6E0DB2943}.Release|Any CPU.ActiveCfg = Release
	EndGlobalSection
	GlobalSection(SolutionProperties) = preSolution
		HideSolutionNode = FALSE
	EndGlobalSection
	GlobalSection(ExtensibilityGlobals) = postSolution
		SolutionGuid = {75BD4C68-C758-41EE-8BBF-83233D93A5DF}
	EndGlobalSection
EndGlobal
